
Microsoft Visual Studio Solution File, Format Version 12.00
# Visual Studio Version 16
VisualStudioVersion = 16.0.30204.135
MinimumVisualStudioVersion = 10.0.40219.1
Project("{FAE04EC0-301F-11D3-BF4B-00C04F79EFBC}") = "StarGuapa", "StarGuapa\StarGuapa.csproj", "{1E8B1B36-7420-4B55-9F5A-82EB86F8CE23}"
EndProject
Project("{FAE04EC0-301F-11D3-BF4B-00C04F79EFBC}") = "StarGuapa.DataAccess", "StarGuapa.AccesoData\StarGuapa.DataAccess.csproj", "{088A3DE5-27E2-4096-9CDF-1BD1E7A95004}"
EndProject
Project("{FAE04EC0-301F-11D3-BF4B-00C04F79EFBC}") = "StarGuapa.Models", "StarGuapa.Models\StarGuapa.Models.csproj", "{88C6809A-F27B-4A7D-A1B7-D9617B9D6AB1}"
EndProject
Project("{FAE04EC0-301F-11D3-BF4B-00C04F79EFBC}") = "StarGuapa.Utilities", "StarGuapa.Utilities\StarGuapa.Utilities.csproj", "{81F5D0E8-0378-4C7A-B5AE-A0EA4A2506CB}"
EndProject
Global
	GlobalSection(SolutionConfigurationPlatforms) = preSolution
		Debug|Any CPU = Debug|Any CPU
		Release|Any CPU = Release|Any CPU
	EndGlobalSection
	GlobalSection(ProjectConfigurationPlatforms) = postSolution
		{1E8B1B36-7420-4B55-9F5A-82EB86F8CE23}.Debug|Any CPU.ActiveCfg = Debug|Any CPU
		{1E8B1B36-7420-4B55-9F5A-82EB86F8CE23}.Debug|Any CPU.Build.0 = Debug|Any CPU
		{1E8B1B36-7420-4B55-9F5A-82EB86F8CE23}.Release|Any CPU.ActiveCfg = Release|Any CPU
		{1E8B1B36-7420-4B55-9F5A-82EB86F8CE23}.Release|Any CPU.Build.0 = Release|Any CPU
		{088A3DE5-27E2-4096-9CDF-1BD1E7A95004}.Debug|Any CPU.ActiveCfg = Debug|Any CPU
		{088A3DE5-27E2-4096-9CDF-1BD1E7A95004}.Debug|Any CPU.Build.0 = Debug|Any CPU
		{088A3DE5-27E2-4096-9CDF-1BD1E7A95004}.Release|Any CPU.ActiveCfg = Release|Any CPU
		{088A3DE5-27E2-4096-9CDF-1BD1E7A95004}.Release|Any CPU.Build.0 = Release|Any CPU
		{88C6809A-F27B-4A7D-A1B7-D9617B9D6AB1}.Debug|Any CPU.ActiveCfg = Debug|Any CPU
		{88C6809A-F27B-4A7D-A1B7-D9617B9D6AB1}.Debug|Any CPU.Build.0 = Debug|Any CPU
		{88C6809A-F27B-4A7D-A1B7-D9617B9D6AB1}.Release|Any CPU.ActiveCfg = Release|Any CPU
		{88C6809A-F27B-4A7D-A1B7-D9617B9D6AB1}.Release|Any CPU.Build.0 = Release|Any CPU
		{81F5D0E8-0378-4C7A-B5AE-A0EA4A2506CB}.Debug|Any CPU.ActiveCfg = Debug|Any CPU
		{81F5D0E8-0378-4C7A-B5AE-A0EA4A2506CB}.Debug|Any CPU.Build.0 = Debug|Any CPU
		{81F5D0E8-0378-4C7A-B5AE-A0EA4A2506CB}.Release|Any CPU.ActiveCfg = Release|Any CPU
		{81F5D0E8-0378-4C7A-B5AE-A0EA4A2506CB}.Release|Any CPU.Build.0 = Release|Any CPU
	EndGlobalSection
	GlobalSection(SolutionProperties) = preSolution
		HideSolutionNode = FALSE
	EndGlobalSection
	GlobalSection(ExtensibilityGlobals) = postSolution
		SolutionGuid = {EF77E2F1-69D8-4AFA-B311-A31AEA274947}
	EndGlobalSection
EndGlobal
